
Microsoft Visual Studio Solution File, Format Version 12.00
# Visual Studio Version 17
VisualStudioVersion = 17.2.32516.85
MinimumVisualStudioVersion = 10.0.40219.1
Project("{FAE04EC0-301F-11D3-BF4B-00C04F79EFBC}") = "MovieManagement", "MovieManagement\MovieManagement.csproj", "{0D5DDC09-C785-4832-8D2E-AAD844249A11}"
EndProject
Project("{2150E333-8FDC-42A3-9474-1A3956D46DE8}") = "Solution Items", "Solution Items", "{2BD01AA6-331E-4083-A7BB-06558F3967C2}"
	ProjectSection(SolutionItems) = preProject
		Readme.md = Readme.md
	EndProjectSection
EndProject
Global
	GlobalSection(SolutionConfigurationPlatforms) = preSolution
		Debug|Any CPU = Debug|Any CPU
		Release|Any CPU = Release|Any CPU
	EndGlobalSection
	GlobalSection(ProjectConfigurationPlatforms) = postSolution
		{0D5DDC09-C785-4832-8D2E-AAD844249A11}.Debug|Any CPU.ActiveCfg = Debug|Any CPU
		{0D5DDC09-C785-4832-8D2E-AAD844249A11}.Debug|Any CPU.Build.0 = Debug|Any CPU
		{0D5DDC09-C785-4832-8D2E-AAD844249A11}.Release|Any CPU.ActiveCfg = Release|Any CPU
		{0D5DDC09-C785-4832-8D2E-AAD844249A11}.Release|Any CPU.Build.0 = Release|Any CPU
	EndGlobalSection
	GlobalSection(SolutionProperties) = preSolution
		HideSolutionNode = FALSE
	EndGlobalSection
	GlobalSection(ExtensibilityGlobals) = postSolution
		SolutionGuid = {7021078C-9DDC-4B3E-B518-18ABAAC8464C}
	EndGlobalSection
EndGlobal
